// !$*UTF8*$!
{
	archiveVersion = 1;
	classes = {
	};
	objectVersion = 50;
	objects = {

/* Begin PBXBuildFile section */
		00A02AAD26E8EF9E004E25EA /* Menu.storyboard in Resources */ = {isa = PBXBuildFile; fileRef = 00A02AAC26E8EF9E004E25EA /* Menu.storyboard */; };
		00A02ABD26E8F585004E25EA /* MenuViewController.swift in Sources */ = {isa = PBXBuildFile; fileRef = 00A02ABC26E8F585004E25EA /* MenuViewController.swift */; };
		00A02AD126E90CED004E25EA /* Museo3d.storyboard in Resources */ = {isa = PBXBuildFile; fileRef = 00A02AD026E90CED004E25EA /* Museo3d.storyboard */; };
		00A02AD626E90EB4004E25EA /* Museo3dViewController.swift in Sources */ = {isa = PBXBuildFile; fileRef = 00A02AD526E90EB4004E25EA /* Museo3dViewController.swift */; };
		00F19A6026D5EE65006762A7 /* AppDelegate.swift in Sources */ = {isa = PBXBuildFile; fileRef = 00F19A5F26D5EE65006762A7 /* AppDelegate.swift */; };
		00F19A6226D5EE65006762A7 /* SceneDelegate.swift in Sources */ = {isa = PBXBuildFile; fileRef = 00F19A6126D5EE65006762A7 /* SceneDelegate.swift */; };
		00F19A6426D5EE65006762A7 /* ViewController.swift in Sources */ = {isa = PBXBuildFile; fileRef = 00F19A6326D5EE65006762A7 /* ViewController.swift */; };
		00F19A6726D5EE65006762A7 /* Main.storyboard in Resources */ = {isa = PBXBuildFile; fileRef = 00F19A6526D5EE65006762A7 /* Main.storyboard */; };
		00F19A6926D5EE6D006762A7 /* Assets.xcassets in Resources */ = {isa = PBXBuildFile; fileRef = 00F19A6826D5EE6D006762A7 /* Assets.xcassets */; };
		00F19A6C26D5EE6D006762A7 /* LaunchScreen.storyboard in Resources */ = {isa = PBXBuildFile; fileRef = 00F19A6A26D5EE6D006762A7 /* LaunchScreen.storyboard */; };
		00F19A7726D5EE6F006762A7 /* TC2007B_RetoTests.swift in Sources */ = {isa = PBXBuildFile; fileRef = 00F19A7626D5EE6F006762A7 /* TC2007B_RetoTests.swift */; };
		00F19A8226D5EE6F006762A7 /* TC2007B_RetoUITests.swift in Sources */ = {isa = PBXBuildFile; fileRef = 00F19A8126D5EE6F006762A7 /* TC2007B_RetoUITests.swift */; };
		2F9B1D6026E8E6BD00C75E83 /* SignUpVC.swift in Sources */ = {isa = PBXBuildFile; fileRef = 2F9B1D5E26E8E6BD00C75E83 /* SignUpVC.swift */; };
		2F9B1D6126E8E6BD00C75E83 /* SignUpVC.xib in Resources */ = {isa = PBXBuildFile; fileRef = 2F9B1D5F26E8E6BD00C75E83 /* SignUpVC.xib */; };
		FB6C972C26E9018400DE96B4 /* TicketRestaurantController.swift in Sources */ = {isa = PBXBuildFile; fileRef = FB6C972A26E9018400DE96B4 /* TicketRestaurantController.swift */; };
		FB6C972D26E9018400DE96B4 /* TicketRestaurantController.xib in Resources */ = {isa = PBXBuildFile; fileRef = FB6C972B26E9018400DE96B4 /* TicketRestaurantController.xib */; };
		FBE9414D26EA3D7F0038C0B1 /* RestaurantViewController.swift in Sources */ = {isa = PBXBuildFile; fileRef = FBE9414B26EA3D7F0038C0B1 /* RestaurantViewController.swift */; };
		FBE9414E26EA3D7F0038C0B1 /* RestaurantViewController.xib in Resources */ = {isa = PBXBuildFile; fileRef = FBE9414C26EA3D7F0038C0B1 /* RestaurantViewController.xib */; };
		FBFC48BD26E8F28A000B7FAF /* expoViewCellTableViewCell.swift in Sources */ = {isa = PBXBuildFile; fileRef = FBFC48BB26E8F28A000B7FAF /* expoViewCellTableViewCell.swift */; };
		FBFC48BE26E8F28A000B7FAF /* expoViewCellTableViewCell.xib in Resources */ = {isa = PBXBuildFile; fileRef = FBFC48BC26E8F28A000B7FAF /* expoViewCellTableViewCell.xib */; };
		FBFC48C126E8F655000B7FAF /* expoMenuViewController.swift in Sources */ = {isa = PBXBuildFile; fileRef = FBFC48BF26E8F655000B7FAF /* expoMenuViewController.swift */; };
		FBFC48C226E8F655000B7FAF /* expoMenuViewController.xib in Resources */ = {isa = PBXBuildFile; fileRef = FBFC48C026E8F655000B7FAF /* expoMenuViewController.xib */; };
/* End PBXBuildFile section */

/* Begin PBXContainerItemProxy section */
		00F19A7326D5EE6F006762A7 /* PBXContainerItemProxy */ = {
			isa = PBXContainerItemProxy;
			containerPortal = 00F19A5426D5EE65006762A7 /* Project object */;
			proxyType = 1;
			remoteGlobalIDString = 00F19A5B26D5EE65006762A7;
			remoteInfo = TC2007B_Reto;
		};
		00F19A7E26D5EE6F006762A7 /* PBXContainerItemProxy */ = {
			isa = PBXContainerItemProxy;
			containerPortal = 00F19A5426D5EE65006762A7 /* Project object */;
			proxyType = 1;
			remoteGlobalIDString = 00F19A5B26D5EE65006762A7;
			remoteInfo = TC2007B_Reto;
		};
/* End PBXContainerItemProxy section */

/* Begin PBXFileReference section */
		00A02AAC26E8EF9E004E25EA /* Menu.storyboard */ = {isa = PBXFileReference; lastKnownFileType = file.storyboard; path = Menu.storyboard; sourceTree = "<group>"; };
		00A02ABC26E8F585004E25EA /* MenuViewController.swift */ = {isa = PBXFileReference; lastKnownFileType = sourcecode.swift; path = MenuViewController.swift; sourceTree = "<group>"; };
		00A02AD026E90CED004E25EA /* Museo3d.storyboard */ = {isa = PBXFileReference; lastKnownFileType = file.storyboard; path = Museo3d.storyboard; sourceTree = "<group>"; };
		00A02AD526E90EB4004E25EA /* Museo3dViewController.swift */ = {isa = PBXFileReference; lastKnownFileType = sourcecode.swift; path = Museo3dViewController.swift; sourceTree = "<group>"; };
		00F19A5C26D5EE65006762A7 /* TC2007B_Reto.app */ = {isa = PBXFileReference; explicitFileType = wrapper.application; includeInIndex = 0; path = TC2007B_Reto.app; sourceTree = BUILT_PRODUCTS_DIR; };
		00F19A5F26D5EE65006762A7 /* AppDelegate.swift */ = {isa = PBXFileReference; lastKnownFileType = sourcecode.swift; path = AppDelegate.swift; sourceTree = "<group>"; };
		00F19A6126D5EE65006762A7 /* SceneDelegate.swift */ = {isa = PBXFileReference; lastKnownFileType = sourcecode.swift; path = SceneDelegate.swift; sourceTree = "<group>"; };
		00F19A6326D5EE65006762A7 /* ViewController.swift */ = {isa = PBXFileReference; lastKnownFileType = sourcecode.swift; path = ViewController.swift; sourceTree = "<group>"; };
		00F19A6626D5EE65006762A7 /* Base */ = {isa = PBXFileReference; lastKnownFileType = file.storyboard; name = Base; path = Base.lproj/Main.storyboard; sourceTree = "<group>"; };
		00F19A6826D5EE6D006762A7 /* Assets.xcassets */ = {isa = PBXFileReference; lastKnownFileType = folder.assetcatalog; path = Assets.xcassets; sourceTree = "<group>"; };
		00F19A6B26D5EE6D006762A7 /* Base */ = {isa = PBXFileReference; lastKnownFileType = file.storyboard; name = Base; path = Base.lproj/LaunchScreen.storyboard; sourceTree = "<group>"; };
		00F19A6D26D5EE6D006762A7 /* Info.plist */ = {isa = PBXFileReference; lastKnownFileType = text.plist.xml; path = Info.plist; sourceTree = "<group>"; };
		00F19A7226D5EE6F006762A7 /* TC2007B_RetoTests.xctest */ = {isa = PBXFileReference; explicitFileType = wrapper.cfbundle; includeInIndex = 0; path = TC2007B_RetoTests.xctest; sourceTree = BUILT_PRODUCTS_DIR; };
		00F19A7626D5EE6F006762A7 /* TC2007B_RetoTests.swift */ = {isa = PBXFileReference; lastKnownFileType = sourcecode.swift; path = TC2007B_RetoTests.swift; sourceTree = "<group>"; };
		00F19A7826D5EE6F006762A7 /* Info.plist */ = {isa = PBXFileReference; lastKnownFileType = text.plist.xml; path = Info.plist; sourceTree = "<group>"; };
		00F19A7D26D5EE6F006762A7 /* TC2007B_RetoUITests.xctest */ = {isa = PBXFileReference; explicitFileType = wrapper.cfbundle; includeInIndex = 0; path = TC2007B_RetoUITests.xctest; sourceTree = BUILT_PRODUCTS_DIR; };
		00F19A8126D5EE6F006762A7 /* TC2007B_RetoUITests.swift */ = {isa = PBXFileReference; lastKnownFileType = sourcecode.swift; path = TC2007B_RetoUITests.swift; sourceTree = "<group>"; };
		00F19A8326D5EE6F006762A7 /* Info.plist */ = {isa = PBXFileReference; lastKnownFileType = text.plist.xml; path = Info.plist; sourceTree = "<group>"; };
		2F9B1D5E26E8E6BD00C75E83 /* SignUpVC.swift */ = {isa = PBXFileReference; lastKnownFileType = sourcecode.swift; path = SignUpVC.swift; sourceTree = "<group>"; };
		2F9B1D5F26E8E6BD00C75E83 /* SignUpVC.xib */ = {isa = PBXFileReference; lastKnownFileType = file.xib; path = SignUpVC.xib; sourceTree = "<group>"; };

		FB6C972A26E9018400DE96B4 /* TicketRestaurantController.swift */ = {isa = PBXFileReference; lastKnownFileType = sourcecode.swift; path = TicketRestaurantController.swift; sourceTree = "<group>"; };
		FB6C972B26E9018400DE96B4 /* TicketRestaurantController.xib */ = {isa = PBXFileReference; lastKnownFileType = file.xib; path = TicketRestaurantController.xib; sourceTree = "<group>"; };
		FBE9414B26EA3D7F0038C0B1 /* RestaurantViewController.swift */ = {isa = PBXFileReference; lastKnownFileType = sourcecode.swift; path = RestaurantViewController.swift; sourceTree = "<group>"; };
		FBE9414C26EA3D7F0038C0B1 /* RestaurantViewController.xib */ = {isa = PBXFileReference; lastKnownFileType = file.xib; path = RestaurantViewController.xib; sourceTree = "<group>"; };

		FBFC48BB26E8F28A000B7FAF /* expoViewCellTableViewCell.swift */ = {isa = PBXFileReference; lastKnownFileType = sourcecode.swift; path = expoViewCellTableViewCell.swift; sourceTree = "<group>"; };
		FBFC48BC26E8F28A000B7FAF /* expoViewCellTableViewCell.xib */ = {isa = PBXFileReference; lastKnownFileType = file.xib; path = expoViewCellTableViewCell.xib; sourceTree = "<group>"; };
		FBFC48BF26E8F655000B7FAF /* expoMenuViewController.swift */ = {isa = PBXFileReference; lastKnownFileType = sourcecode.swift; path = expoMenuViewController.swift; sourceTree = "<group>"; };
		FBFC48C026E8F655000B7FAF /* expoMenuViewController.xib */ = {isa = PBXFileReference; lastKnownFileType = file.xib; path = expoMenuViewController.xib; sourceTree = "<group>"; };

/* End PBXFileReference section */

/* Begin PBXFrameworksBuildPhase section */
		00F19A5926D5EE65006762A7 /* Frameworks */ = {
			isa = PBXFrameworksBuildPhase;
			buildActionMask = 2147483647;
			files = (
			);
			runOnlyForDeploymentPostprocessing = 0;
		};
		00F19A6F26D5EE6F006762A7 /* Frameworks */ = {
			isa = PBXFrameworksBuildPhase;
			buildActionMask = 2147483647;
			files = (
			);
			runOnlyForDeploymentPostprocessing = 0;
		};
		00F19A7A26D5EE6F006762A7 /* Frameworks */ = {
			isa = PBXFrameworksBuildPhase;
			buildActionMask = 2147483647;
			files = (
			);
			runOnlyForDeploymentPostprocessing = 0;
		};
/* End PBXFrameworksBuildPhase section */

/* Begin PBXGroup section */
		00F19A5326D5EE65006762A7 = {
			isa = PBXGroup;
			children = (
				00F19A5E26D5EE65006762A7 /* TC2007B_Reto */,
				00F19A7526D5EE6F006762A7 /* TC2007B_RetoTests */,
				00F19A8026D5EE6F006762A7 /* TC2007B_RetoUITests */,
				00F19A5D26D5EE65006762A7 /* Products */,
			);
			sourceTree = "<group>";
		};
		00F19A5D26D5EE65006762A7 /* Products */ = {
			isa = PBXGroup;
			children = (
				00F19A5C26D5EE65006762A7 /* TC2007B_Reto.app */,
				00F19A7226D5EE6F006762A7 /* TC2007B_RetoTests.xctest */,
				00F19A7D26D5EE6F006762A7 /* TC2007B_RetoUITests.xctest */,
			);
			name = Products;
			sourceTree = "<group>";
		};
		00F19A5E26D5EE65006762A7 /* TC2007B_Reto */ = {
			isa = PBXGroup;
			children = (
				FBFC48C326E8F662000B7FAF /* expocisiones */,
				00F19A5F26D5EE65006762A7 /* AppDelegate.swift */,
				00F19A6126D5EE65006762A7 /* SceneDelegate.swift */,
				00F19A6326D5EE65006762A7 /* ViewController.swift */,
				00F19A6526D5EE65006762A7 /* Main.storyboard */,
				00F19A6826D5EE6D006762A7 /* Assets.xcassets */,
				00F19A6A26D5EE6D006762A7 /* LaunchScreen.storyboard */,
				00F19A6D26D5EE6D006762A7 /* Info.plist */,
				2F9B1D5E26E8E6BD00C75E83 /* SignUpVC.swift */,
				2F9B1D5F26E8E6BD00C75E83 /* SignUpVC.xib */,

				FB6C972A26E9018400DE96B4 /* TicketRestaurantController.swift */,
				FB6C972B26E9018400DE96B4 /* TicketRestaurantController.xib */,
				FBE9414B26EA3D7F0038C0B1 /* RestaurantViewController.swift */,
				FBE9414C26EA3D7F0038C0B1 /* RestaurantViewController.xib */,

				00A02AAC26E8EF9E004E25EA /* Menu.storyboard */,
				00A02ABC26E8F585004E25EA /* MenuViewController.swift */,
				00A02AD026E90CED004E25EA /* Museo3d.storyboard */,
				00A02AD526E90EB4004E25EA /* Museo3dViewController.swift */,
			);
			path = TC2007B_Reto;
			sourceTree = "<group>";
		};
		00F19A7526D5EE6F006762A7 /* TC2007B_RetoTests */ = {
			isa = PBXGroup;
			children = (
				00F19A7626D5EE6F006762A7 /* TC2007B_RetoTests.swift */,
				00F19A7826D5EE6F006762A7 /* Info.plist */,
			);
			path = TC2007B_RetoTests;
			sourceTree = "<group>";
		};
		00F19A8026D5EE6F006762A7 /* TC2007B_RetoUITests */ = {
			isa = PBXGroup;
			children = (
				00F19A8126D5EE6F006762A7 /* TC2007B_RetoUITests.swift */,
				00F19A8326D5EE6F006762A7 /* Info.plist */,
			);
			path = TC2007B_RetoUITests;
			sourceTree = "<group>";
		};
		FBFC48C326E8F662000B7FAF /* expocisiones */ = {
			isa = PBXGroup;
			children = (
				FBFC48BB26E8F28A000B7FAF /* expoViewCellTableViewCell.swift */,
				FBFC48BC26E8F28A000B7FAF /* expoViewCellTableViewCell.xib */,
				FBFC48BF26E8F655000B7FAF /* expoMenuViewController.swift */,
				FBFC48C026E8F655000B7FAF /* expoMenuViewController.xib */,
			);
			path = expocisiones;
			sourceTree = "<group>";
		};
/* End PBXGroup section */

/* Begin PBXNativeTarget section */
		00F19A5B26D5EE65006762A7 /* TC2007B_Reto */ = {
			isa = PBXNativeTarget;
			buildConfigurationList = 00F19A8626D5EE6F006762A7 /* Build configuration list for PBXNativeTarget "TC2007B_Reto" */;
			buildPhases = (
				00F19A5826D5EE65006762A7 /* Sources */,
				00F19A5926D5EE65006762A7 /* Frameworks */,
				00F19A5A26D5EE65006762A7 /* Resources */,
			);
			buildRules = (
			);
			dependencies = (
			);
			name = TC2007B_Reto;
			productName = TC2007B_Reto;
			productReference = 00F19A5C26D5EE65006762A7 /* TC2007B_Reto.app */;
			productType = "com.apple.product-type.application";
		};
		00F19A7126D5EE6F006762A7 /* TC2007B_RetoTests */ = {
			isa = PBXNativeTarget;
			buildConfigurationList = 00F19A8926D5EE6F006762A7 /* Build configuration list for PBXNativeTarget "TC2007B_RetoTests" */;
			buildPhases = (
				00F19A6E26D5EE6F006762A7 /* Sources */,
				00F19A6F26D5EE6F006762A7 /* Frameworks */,
				00F19A7026D5EE6F006762A7 /* Resources */,
			);
			buildRules = (
			);
			dependencies = (
				00F19A7426D5EE6F006762A7 /* PBXTargetDependency */,
			);
			name = TC2007B_RetoTests;
			productName = TC2007B_RetoTests;
			productReference = 00F19A7226D5EE6F006762A7 /* TC2007B_RetoTests.xctest */;
			productType = "com.apple.product-type.bundle.unit-test";
		};
		00F19A7C26D5EE6F006762A7 /* TC2007B_RetoUITests */ = {
			isa = PBXNativeTarget;
			buildConfigurationList = 00F19A8C26D5EE6F006762A7 /* Build configuration list for PBXNativeTarget "TC2007B_RetoUITests" */;
			buildPhases = (
				00F19A7926D5EE6F006762A7 /* Sources */,
				00F19A7A26D5EE6F006762A7 /* Frameworks */,
				00F19A7B26D5EE6F006762A7 /* Resources */,
			);
			buildRules = (
			);
			dependencies = (
				00F19A7F26D5EE6F006762A7 /* PBXTargetDependency */,
			);
			name = TC2007B_RetoUITests;
			productName = TC2007B_RetoUITests;
			productReference = 00F19A7D26D5EE6F006762A7 /* TC2007B_RetoUITests.xctest */;
			productType = "com.apple.product-type.bundle.ui-testing";
		};
/* End PBXNativeTarget section */

/* Begin PBXProject section */
		00F19A5426D5EE65006762A7 /* Project object */ = {
			isa = PBXProject;
			attributes = {
				LastSwiftUpdateCheck = 1200;
				LastUpgradeCheck = 1200;
				TargetAttributes = {
					00F19A5B26D5EE65006762A7 = {
						CreatedOnToolsVersion = 12.0.1;
					};
					00F19A7126D5EE6F006762A7 = {
						CreatedOnToolsVersion = 12.0.1;
						TestTargetID = 00F19A5B26D5EE65006762A7;
					};
					00F19A7C26D5EE6F006762A7 = {
						CreatedOnToolsVersion = 12.0.1;
						TestTargetID = 00F19A5B26D5EE65006762A7;
					};
				};
			};
			buildConfigurationList = 00F19A5726D5EE65006762A7 /* Build configuration list for PBXProject "TC2007B_Reto" */;
			compatibilityVersion = "Xcode 9.3";
			developmentRegion = en;
			hasScannedForEncodings = 0;
			knownRegions = (
				en,
				Base,
			);
			mainGroup = 00F19A5326D5EE65006762A7;
			productRefGroup = 00F19A5D26D5EE65006762A7 /* Products */;
			projectDirPath = "";
			projectRoot = "";
			targets = (
				00F19A5B26D5EE65006762A7 /* TC2007B_Reto */,
				00F19A7126D5EE6F006762A7 /* TC2007B_RetoTests */,
				00F19A7C26D5EE6F006762A7 /* TC2007B_RetoUITests */,
			);
		};
/* End PBXProject section */

/* Begin PBXResourcesBuildPhase section */
		00F19A5A26D5EE65006762A7 /* Resources */ = {
			isa = PBXResourcesBuildPhase;
			buildActionMask = 2147483647;
			files = (
				00A02AAD26E8EF9E004E25EA /* Menu.storyboard in Resources */,
				00A02AD126E90CED004E25EA /* Museo3d.storyboard in Resources */,
				2F9B1D6126E8E6BD00C75E83 /* SignUpVC.xib in Resources */,
				00F19A6C26D5EE6D006762A7 /* LaunchScreen.storyboard in Resources */,
				FB6C972D26E9018400DE96B4 /* TicketRestaurantController.xib in Resources */,
				FBFC48BE26E8F28A000B7FAF /* expoViewCellTableViewCell.xib in Resources */,
				FBFC48C226E8F655000B7FAF /* expoMenuViewController.xib in Resources */,
				00F19A6926D5EE6D006762A7 /* Assets.xcassets in Resources */,
				00F19A6726D5EE65006762A7 /* Main.storyboard in Resources */,
			);
			runOnlyForDeploymentPostprocessing = 0;
		};
		00F19A7026D5EE6F006762A7 /* Resources */ = {
			isa = PBXResourcesBuildPhase;
			buildActionMask = 2147483647;
			files = (
			);
			runOnlyForDeploymentPostprocessing = 0;
		};
		00F19A7B26D5EE6F006762A7 /* Resources */ = {
			isa = PBXResourcesBuildPhase;
			buildActionMask = 2147483647;
			files = (
			);
			runOnlyForDeploymentPostprocessing = 0;
		};
/* End PBXResourcesBuildPhase section */

/* Begin PBXSourcesBuildPhase section */
		00F19A5826D5EE65006762A7 /* Sources */ = {
			isa = PBXSourcesBuildPhase;
			buildActionMask = 2147483647;
			files = (
				2F9B1D6026E8E6BD00C75E83 /* SignUpVC.swift in Sources */,
				00A02ABD26E8F585004E25EA /* MenuViewController.swift in Sources */,
				00F19A6426D5EE65006762A7 /* ViewController.swift in Sources */,
				FBFC48BD26E8F28A000B7FAF /* expoViewCellTableViewCell.swift in Sources */,
				FBFC48C126E8F655000B7FAF /* expoMenuViewController.swift in Sources */,
				00A02AD626E90EB4004E25EA /* Museo3dViewController.swift in Sources */,
				00F19A6026D5EE65006762A7 /* AppDelegate.swift in Sources */,
				00F19A6226D5EE65006762A7 /* SceneDelegate.swift in Sources */,
			);
			runOnlyForDeploymentPostprocessing = 0;
		};
		00F19A6E26D5EE6F006762A7 /* Sources */ = {
			isa = PBXSourcesBuildPhase;
			buildActionMask = 2147483647;
			files = (
				00F19A7726D5EE6F006762A7 /* TC2007B_RetoTests.swift in Sources */,
			);
			runOnlyForDeploymentPostprocessing = 0;
		};
		00F19A7926D5EE6F006762A7 /* Sources */ = {
			isa = PBXSourcesBuildPhase;
			buildActionMask = 2147483647;
			files = (
				00F19A8226D5EE6F006762A7 /* TC2007B_RetoUITests.swift in Sources */,
			);
			runOnlyForDeploymentPostprocessing = 0;
		};
/* End PBXSourcesBuildPhase section */

/* Begin PBXTargetDependency section */
		00F19A7426D5EE6F006762A7 /* PBXTargetDependency */ = {
			isa = PBXTargetDependency;
			target = 00F19A5B26D5EE65006762A7 /* TC2007B_Reto */;
			targetProxy = 00F19A7326D5EE6F006762A7 /* PBXContainerItemProxy */;
		};
		00F19A7F26D5EE6F006762A7 /* PBXTargetDependency */ = {
			isa = PBXTargetDependency;
			target = 00F19A5B26D5EE65006762A7 /* TC2007B_Reto */;
			targetProxy = 00F19A7E26D5EE6F006762A7 /* PBXContainerItemProxy */;
		};
/* End PBXTargetDependency section */

/* Begin PBXVariantGroup section */
		00F19A6526D5EE65006762A7 /* Main.storyboard */ = {
			isa = PBXVariantGroup;
			children = (
				00F19A6626D5EE65006762A7 /* Base */,
			);
			name = Main.storyboard;
			sourceTree = "<group>";
		};
		00F19A6A26D5EE6D006762A7 /* LaunchScreen.storyboard */ = {
			isa = PBXVariantGroup;
			children = (
				00F19A6B26D5EE6D006762A7 /* Base */,
			);
			name = LaunchScreen.storyboard;
			sourceTree = "<group>";
		};
/* End PBXVariantGroup section */

/* Begin XCBuildConfiguration section */
		00F19A8426D5EE6F006762A7 /* Debug */ = {
			isa = XCBuildConfiguration;
			buildSettings = {
				ALWAYS_SEARCH_USER_PATHS = NO;
				CLANG_ANALYZER_NONNULL = YES;
				CLANG_ANALYZER_NUMBER_OBJECT_CONVERSION = YES_AGGRESSIVE;
				CLANG_CXX_LANGUAGE_STANDARD = "gnu++14";
				CLANG_CXX_LIBRARY = "libc++";
				CLANG_ENABLE_MODULES = YES;
				CLANG_ENABLE_OBJC_ARC = YES;
				CLANG_ENABLE_OBJC_WEAK = YES;
				CLANG_WARN_BLOCK_CAPTURE_AUTORELEASING = YES;
				CLANG_WARN_BOOL_CONVERSION = YES;
				CLANG_WARN_COMMA = YES;
				CLANG_WARN_CONSTANT_CONVERSION = YES;
				CLANG_WARN_DEPRECATED_OBJC_IMPLEMENTATIONS = YES;
				CLANG_WARN_DIRECT_OBJC_ISA_USAGE = YES_ERROR;
				CLANG_WARN_DOCUMENTATION_COMMENTS = YES;
				CLANG_WARN_EMPTY_BODY = YES;
				CLANG_WARN_ENUM_CONVERSION = YES;
				CLANG_WARN_INFINITE_RECURSION = YES;
				CLANG_WARN_INT_CONVERSION = YES;
				CLANG_WARN_NON_LITERAL_NULL_CONVERSION = YES;
				CLANG_WARN_OBJC_IMPLICIT_RETAIN_SELF = YES;
				CLANG_WARN_OBJC_LITERAL_CONVERSION = YES;
				CLANG_WARN_OBJC_ROOT_CLASS = YES_ERROR;
				CLANG_WARN_QUOTED_INCLUDE_IN_FRAMEWORK_HEADER = YES;
				CLANG_WARN_RANGE_LOOP_ANALYSIS = YES;
				CLANG_WARN_STRICT_PROTOTYPES = YES;
				CLANG_WARN_SUSPICIOUS_MOVE = YES;
				CLANG_WARN_UNGUARDED_AVAILABILITY = YES_AGGRESSIVE;
				CLANG_WARN_UNREACHABLE_CODE = YES;
				CLANG_WARN__DUPLICATE_METHOD_MATCH = YES;
				COPY_PHASE_STRIP = NO;
				DEBUG_INFORMATION_FORMAT = dwarf;
				ENABLE_STRICT_OBJC_MSGSEND = YES;
				ENABLE_TESTABILITY = YES;
				GCC_C_LANGUAGE_STANDARD = gnu11;
				GCC_DYNAMIC_NO_PIC = NO;
				GCC_NO_COMMON_BLOCKS = YES;
				GCC_OPTIMIZATION_LEVEL = 0;
				GCC_PREPROCESSOR_DEFINITIONS = (
					"DEBUG=1",
					"$(inherited)",
				);
				GCC_WARN_64_TO_32_BIT_CONVERSION = YES;
				GCC_WARN_ABOUT_RETURN_TYPE = YES_ERROR;
				GCC_WARN_UNDECLARED_SELECTOR = YES;
				GCC_WARN_UNINITIALIZED_AUTOS = YES_AGGRESSIVE;
				GCC_WARN_UNUSED_FUNCTION = YES;
				GCC_WARN_UNUSED_VARIABLE = YES;
				IPHONEOS_DEPLOYMENT_TARGET = 14.0;
				MTL_ENABLE_DEBUG_INFO = INCLUDE_SOURCE;
				MTL_FAST_MATH = YES;
				ONLY_ACTIVE_ARCH = YES;
				SDKROOT = iphoneos;
				SWIFT_ACTIVE_COMPILATION_CONDITIONS = DEBUG;
				SWIFT_OPTIMIZATION_LEVEL = "-Onone";
			};
			name = Debug;
		};
		00F19A8526D5EE6F006762A7 /* Release */ = {
			isa = XCBuildConfiguration;
			buildSettings = {
				ALWAYS_SEARCH_USER_PATHS = NO;
				CLANG_ANALYZER_NONNULL = YES;
				CLANG_ANALYZER_NUMBER_OBJECT_CONVERSION = YES_AGGRESSIVE;
				CLANG_CXX_LANGUAGE_STANDARD = "gnu++14";
				CLANG_CXX_LIBRARY = "libc++";
				CLANG_ENABLE_MODULES = YES;
				CLANG_ENABLE_OBJC_ARC = YES;
				CLANG_ENABLE_OBJC_WEAK = YES;
				CLANG_WARN_BLOCK_CAPTURE_AUTORELEASING = YES;
				CLANG_WARN_BOOL_CONVERSION = YES;
				CLANG_WARN_COMMA = YES;
				CLANG_WARN_CONSTANT_CONVERSION = YES;
				CLANG_WARN_DEPRECATED_OBJC_IMPLEMENTATIONS = YES;
				CLANG_WARN_DIRECT_OBJC_ISA_USAGE = YES_ERROR;
				CLANG_WARN_DOCUMENTATION_COMMENTS = YES;
				CLANG_WARN_EMPTY_BODY = YES;
				CLANG_WARN_ENUM_CONVERSION = YES;
				CLANG_WARN_INFINITE_RECURSION = YES;
				CLANG_WARN_INT_CONVERSION = YES;
				CLANG_WARN_NON_LITERAL_NULL_CONVERSION = YES;
				CLANG_WARN_OBJC_IMPLICIT_RETAIN_SELF = YES;
				CLANG_WARN_OBJC_LITERAL_CONVERSION = YES;
				CLANG_WARN_OBJC_ROOT_CLASS = YES_ERROR;
				CLANG_WARN_QUOTED_INCLUDE_IN_FRAMEWORK_HEADER = YES;
				CLANG_WARN_RANGE_LOOP_ANALYSIS = YES;
				CLANG_WARN_STRICT_PROTOTYPES = YES;
				CLANG_WARN_SUSPICIOUS_MOVE = YES;
				CLANG_WARN_UNGUARDED_AVAILABILITY = YES_AGGRESSIVE;
				CLANG_WARN_UNREACHABLE_CODE = YES;
				CLANG_WARN__DUPLICATE_METHOD_MATCH = YES;
				COPY_PHASE_STRIP = NO;
				DEBUG_INFORMATION_FORMAT = "dwarf-with-dsym";
				ENABLE_NS_ASSERTIONS = NO;
				ENABLE_STRICT_OBJC_MSGSEND = YES;
				GCC_C_LANGUAGE_STANDARD = gnu11;
				GCC_NO_COMMON_BLOCKS = YES;
				GCC_WARN_64_TO_32_BIT_CONVERSION = YES;
				GCC_WARN_ABOUT_RETURN_TYPE = YES_ERROR;
				GCC_WARN_UNDECLARED_SELECTOR = YES;
				GCC_WARN_UNINITIALIZED_AUTOS = YES_AGGRESSIVE;
				GCC_WARN_UNUSED_FUNCTION = YES;
				GCC_WARN_UNUSED_VARIABLE = YES;
				IPHONEOS_DEPLOYMENT_TARGET = 14.0;
				MTL_ENABLE_DEBUG_INFO = NO;
				MTL_FAST_MATH = YES;
				SDKROOT = iphoneos;
				SWIFT_COMPILATION_MODE = wholemodule;
				SWIFT_OPTIMIZATION_LEVEL = "-O";
				VALIDATE_PRODUCT = YES;
			};
			name = Release;
		};
		00F19A8726D5EE6F006762A7 /* Debug */ = {
			isa = XCBuildConfiguration;
			buildSettings = {
				ASSETCATALOG_COMPILER_APPICON_NAME = AppIcon;
				ASSETCATALOG_COMPILER_GLOBAL_ACCENT_COLOR_NAME = AccentColor;
				CODE_SIGN_STYLE = Automatic;
				INFOPLIST_FILE = TC2007B_Reto/Info.plist;
				LD_RUNPATH_SEARCH_PATHS = (
					"$(inherited)",
					"@executable_path/Frameworks",
				);
				PRODUCT_BUNDLE_IDENTIFIER = "mx.tec.a01280603.TC2007B-Reto";
				PRODUCT_NAME = "$(TARGET_NAME)";
				SWIFT_VERSION = 5.0;
				TARGETED_DEVICE_FAMILY = "1,2";
			};
			name = Debug;
		};
		00F19A8826D5EE6F006762A7 /* Release */ = {
			isa = XCBuildConfiguration;
			buildSettings = {
				ASSETCATALOG_COMPILER_APPICON_NAME = AppIcon;
				ASSETCATALOG_COMPILER_GLOBAL_ACCENT_COLOR_NAME = AccentColor;
				CODE_SIGN_STYLE = Automatic;
				INFOPLIST_FILE = TC2007B_Reto/Info.plist;
				LD_RUNPATH_SEARCH_PATHS = (
					"$(inherited)",
					"@executable_path/Frameworks",
				);
				PRODUCT_BUNDLE_IDENTIFIER = "mx.tec.a01280603.TC2007B-Reto";
				PRODUCT_NAME = "$(TARGET_NAME)";
				SWIFT_VERSION = 5.0;
				TARGETED_DEVICE_FAMILY = "1,2";
			};
			name = Release;
		};
		00F19A8A26D5EE6F006762A7 /* Debug */ = {
			isa = XCBuildConfiguration;
			buildSettings = {
				ALWAYS_EMBED_SWIFT_STANDARD_LIBRARIES = YES;
				BUNDLE_LOADER = "$(TEST_HOST)";
				CODE_SIGN_STYLE = Automatic;
				INFOPLIST_FILE = TC2007B_RetoTests/Info.plist;
				IPHONEOS_DEPLOYMENT_TARGET = 14.0;
				LD_RUNPATH_SEARCH_PATHS = (
					"$(inherited)",
					"@executable_path/Frameworks",
					"@loader_path/Frameworks",
				);
				PRODUCT_BUNDLE_IDENTIFIER = "mx.tec.a01280603.TC2007B-RetoTests";
				PRODUCT_NAME = "$(TARGET_NAME)";
				SWIFT_VERSION = 5.0;
				TARGETED_DEVICE_FAMILY = "1,2";
				TEST_HOST = "$(BUILT_PRODUCTS_DIR)/TC2007B_Reto.app/TC2007B_Reto";
			};
			name = Debug;
		};
		00F19A8B26D5EE6F006762A7 /* Release */ = {
			isa = XCBuildConfiguration;
			buildSettings = {
				ALWAYS_EMBED_SWIFT_STANDARD_LIBRARIES = YES;
				BUNDLE_LOADER = "$(TEST_HOST)";
				CODE_SIGN_STYLE = Automatic;
				INFOPLIST_FILE = TC2007B_RetoTests/Info.plist;
				IPHONEOS_DEPLOYMENT_TARGET = 14.0;
				LD_RUNPATH_SEARCH_PATHS = (
					"$(inherited)",
					"@executable_path/Frameworks",
					"@loader_path/Frameworks",
				);
				PRODUCT_BUNDLE_IDENTIFIER = "mx.tec.a01280603.TC2007B-RetoTests";
				PRODUCT_NAME = "$(TARGET_NAME)";
				SWIFT_VERSION = 5.0;
				TARGETED_DEVICE_FAMILY = "1,2";
				TEST_HOST = "$(BUILT_PRODUCTS_DIR)/TC2007B_Reto.app/TC2007B_Reto";
			};
			name = Release;
		};
		00F19A8D26D5EE6F006762A7 /* Debug */ = {
			isa = XCBuildConfiguration;
			buildSettings = {
				ALWAYS_EMBED_SWIFT_STANDARD_LIBRARIES = YES;
				CODE_SIGN_STYLE = Automatic;
				INFOPLIST_FILE = TC2007B_RetoUITests/Info.plist;
				LD_RUNPATH_SEARCH_PATHS = (
					"$(inherited)",
					"@executable_path/Frameworks",
					"@loader_path/Frameworks",
				);
				PRODUCT_BUNDLE_IDENTIFIER = "mx.tec.a01280603.TC2007B-RetoUITests";
				PRODUCT_NAME = "$(TARGET_NAME)";
				SWIFT_VERSION = 5.0;
				TARGETED_DEVICE_FAMILY = "1,2";
				TEST_TARGET_NAME = TC2007B_Reto;
			};
			name = Debug;
		};
		00F19A8E26D5EE6F006762A7 /* Release */ = {
			isa = XCBuildConfiguration;
			buildSettings = {
				ALWAYS_EMBED_SWIFT_STANDARD_LIBRARIES = YES;
				CODE_SIGN_STYLE = Automatic;
				INFOPLIST_FILE = TC2007B_RetoUITests/Info.plist;
				LD_RUNPATH_SEARCH_PATHS = (
					"$(inherited)",
					"@executable_path/Frameworks",
					"@loader_path/Frameworks",
				);
				PRODUCT_BUNDLE_IDENTIFIER = "mx.tec.a01280603.TC2007B-RetoUITests";
				PRODUCT_NAME = "$(TARGET_NAME)";
				SWIFT_VERSION = 5.0;
				TARGETED_DEVICE_FAMILY = "1,2";
				TEST_TARGET_NAME = TC2007B_Reto;
			};
			name = Release;
		};
/* End XCBuildConfiguration section */

/* Begin XCConfigurationList section */
		00F19A5726D5EE65006762A7 /* Build configuration list for PBXProject "TC2007B_Reto" */ = {
			isa = XCConfigurationList;
			buildConfigurations = (
				00F19A8426D5EE6F006762A7 /* Debug */,
				00F19A8526D5EE6F006762A7 /* Release */,
			);
			defaultConfigurationIsVisible = 0;
			defaultConfigurationName = Release;
		};
		00F19A8626D5EE6F006762A7 /* Build configuration list for PBXNativeTarget "TC2007B_Reto" */ = {
			isa = XCConfigurationList;
			buildConfigurations = (
				00F19A8726D5EE6F006762A7 /* Debug */,
				00F19A8826D5EE6F006762A7 /* Release */,
			);
			defaultConfigurationIsVisible = 0;
			defaultConfigurationName = Release;
		};
		00F19A8926D5EE6F006762A7 /* Build configuration list for PBXNativeTarget "TC2007B_RetoTests" */ = {
			isa = XCConfigurationList;
			buildConfigurations = (
				00F19A8A26D5EE6F006762A7 /* Debug */,
				00F19A8B26D5EE6F006762A7 /* Release */,
			);
			defaultConfigurationIsVisible = 0;
			defaultConfigurationName = Release;
		};
		00F19A8C26D5EE6F006762A7 /* Build configuration list for PBXNativeTarget "TC2007B_RetoUITests" */ = {
			isa = XCConfigurationList;
			buildConfigurations = (
				00F19A8D26D5EE6F006762A7 /* Debug */,
				00F19A8E26D5EE6F006762A7 /* Release */,
			);
			defaultConfigurationIsVisible = 0;
			defaultConfigurationName = Release;
		};
/* End XCConfigurationList section */
	};
	rootObject = 00F19A5426D5EE65006762A7 /* Project object */;
}
